
Microsoft Visual Studio Solution File, Format Version 12.00
# Visual Studio 15
VisualStudioVersion = 15.0.26206.0
MinimumVisualStudioVersion = 10.0.40219.1
Project("{2150E333-8FDC-42A3-9474-1A3956D46DE8}") = "Solution Items", "Solution Items", "{E6D256BA-07C1-4A30-96DF-01491A8D5952}"
EndProject
Project("{9A19103F-16F7-4668-BE54-9A1E7A4F7556}") = "WebApiNetCore", "WebApiNetCore\WebApiNetCore.csproj", "{B8500350-E6EF-4FDC-A5A1-A105ADF30942}"
EndProject
Project("{9A19103F-16F7-4668-BE54-9A1E7A4F7556}") = "MvcCore", "MvcCore\MvcCore.csproj", "{C2C292C2-5DE3-478E-BB0E-90AED60075CD}"
EndProject
Project("{9A19103F-16F7-4668-BE54-9A1E7A4F7556}") = "DataStructures", "DataStructures\DataStructures.csproj", "{B80150D2-145C-497E-BFBD-7462F531F2DE}"
EndProject
Project("{FAE04EC0-301F-11D3-BF4B-00C04F79EFBC}") = "WebApplication1", "WebApplication1\WebApplication1.csproj", "{F09C314A-8F11-44A9-BC93-CBEAE1CD03E6}"
EndProject
Project("{9A19103F-16F7-4668-BE54-9A1E7A4F7556}") = "Tests", "Tests\Tests.csproj", "{AACE6243-B9DB-460A-9836-A4365983FDCA}"
EndProject
Global
	GlobalSection(SolutionConfigurationPlatforms) = preSolution
		Debug|Any CPU = Debug|Any CPU
		Release|Any CPU = Release|Any CPU
	EndGlobalSection
	GlobalSection(ProjectConfigurationPlatforms) = postSolution
		{B8500350-E6EF-4FDC-A5A1-A105ADF30942}.Debug|Any CPU.ActiveCfg = Debug|Any CPU
		{B8500350-E6EF-4FDC-A5A1-A105ADF30942}.Debug|Any CPU.Build.0 = Debug|Any CPU
		{B8500350-E6EF-4FDC-A5A1-A105ADF30942}.Release|Any CPU.ActiveCfg = Release|Any CPU
		{B8500350-E6EF-4FDC-A5A1-A105ADF30942}.Release|Any CPU.Build.0 = Release|Any CPU
		{C2C292C2-5DE3-478E-BB0E-90AED60075CD}.Debug|Any CPU.ActiveCfg = Debug|Any CPU
		{C2C292C2-5DE3-478E-BB0E-90AED60075CD}.Debug|Any CPU.Build.0 = Debug|Any CPU
		{C2C292C2-5DE3-478E-BB0E-90AED60075CD}.Release|Any CPU.ActiveCfg = Release|Any CPU
		{C2C292C2-5DE3-478E-BB0E-90AED60075CD}.Release|Any CPU.Build.0 = Release|Any CPU
		{B80150D2-145C-497E-BFBD-7462F531F2DE}.Debug|Any CPU.ActiveCfg = Debug|Any CPU
		{B80150D2-145C-497E-BFBD-7462F531F2DE}.Debug|Any CPU.Build.0 = Debug|Any CPU
		{B80150D2-145C-497E-BFBD-7462F531F2DE}.Release|Any CPU.ActiveCfg = Release|Any CPU
		{B80150D2-145C-497E-BFBD-7462F531F2DE}.Release|Any CPU.Build.0 = Release|Any CPU
		{F09C314A-8F11-44A9-BC93-CBEAE1CD03E6}.Debug|Any CPU.ActiveCfg = Debug|Any CPU
		{F09C314A-8F11-44A9-BC93-CBEAE1CD03E6}.Debug|Any CPU.Build.0 = Debug|Any CPU
		{F09C314A-8F11-44A9-BC93-CBEAE1CD03E6}.Release|Any CPU.ActiveCfg = Release|Any CPU
		{F09C314A-8F11-44A9-BC93-CBEAE1CD03E6}.Release|Any CPU.Build.0 = Release|Any CPU
		{AACE6243-B9DB-460A-9836-A4365983FDCA}.Debug|Any CPU.ActiveCfg = Debug|Any CPU
		{AACE6243-B9DB-460A-9836-A4365983FDCA}.Debug|Any CPU.Build.0 = Debug|Any CPU
		{AACE6243-B9DB-460A-9836-A4365983FDCA}.Release|Any CPU.ActiveCfg = Release|Any CPU
		{AACE6243-B9DB-460A-9836-A4365983FDCA}.Release|Any CPU.Build.0 = Release|Any CPU
	EndGlobalSection
	GlobalSection(SolutionProperties) = preSolution
		HideSolutionNode = FALSE
	EndGlobalSection
	GlobalSection(ExtensibilityGlobals) = postSolution
		SolutionGuid = {E6571693-1038-46D2-B321-CD7C69373690}
	EndGlobalSection
EndGlobal
